
Microsoft Visual Studio Solution File, Format Version 12.00
# Visual Studio Version 17
VisualStudioVersion = 17.2.32602.215
MinimumVisualStudioVersion = 10.0.40219.1
Project("{FAE04EC0-301F-11D3-BF4B-00C04F79EFBC}") = "Roll the dice", "Roll the dice\Roll the dice.csproj", "{A51666FE-A639-4793-BD88-A7906EB3F900}"
EndProject
Global
	GlobalSection(SolutionConfigurationPlatforms) = preSolution
		Debug|Any CPU = Debug|Any CPU
		Release|Any CPU = Release|Any CPU
	EndGlobalSection
	GlobalSection(ProjectConfigurationPlatforms) = postSolution
		{A51666FE-A639-4793-BD88-A7906EB3F900}.Debug|Any CPU.ActiveCfg = Debug|Any CPU
		{A51666FE-A639-4793-BD88-A7906EB3F900}.Debug|Any CPU.Build.0 = Debug|Any CPU
		{A51666FE-A639-4793-BD88-A7906EB3F900}.Release|Any CPU.ActiveCfg = Release|Any CPU
		{A51666FE-A639-4793-BD88-A7906EB3F900}.Release|Any CPU.Build.0 = Release|Any CPU
	EndGlobalSection
	GlobalSection(SolutionProperties) = preSolution
		HideSolutionNode = FALSE
	EndGlobalSection
	GlobalSection(ExtensibilityGlobals) = postSolution
		SolutionGuid = {7A920BAB-6B40-493A-B255-439161E77550}
	EndGlobalSection
EndGlobal
